// !$*UTF8*$!
{
	archiveVersion = 1;
	classes = {
	};
	objectVersion = 48;
	objects = {

/* Begin PBXBuildFile section */
		76AAE655207AEB7400CDDF43 /* AppDelegate.swift in Sources */ = {isa = PBXBuildFile; fileRef = 76AAE654207AEB7400CDDF43 /* AppDelegate.swift */; };
		76AAE657207AEB7400CDDF43 /* ViewController.swift in Sources */ = {isa = PBXBuildFile; fileRef = 76AAE656207AEB7400CDDF43 /* ViewController.swift */; };
		76AAE65A207AEB7400CDDF43 /* Main.storyboard in Resources */ = {isa = PBXBuildFile; fileRef = 76AAE658207AEB7400CDDF43 /* Main.storyboard */; };
		76AAE65C207AEB7400CDDF43 /* Assets.xcassets in Resources */ = {isa = PBXBuildFile; fileRef = 76AAE65B207AEB7400CDDF43 /* Assets.xcassets */; };
		76AAE65F207AEB7400CDDF43 /* LaunchScreen.storyboard in Resources */ = {isa = PBXBuildFile; fileRef = 76AAE65D207AEB7400CDDF43 /* LaunchScreen.storyboard */; };
		76AAE66A207C02B200CDDF43 /* Message.swift in Sources */ = {isa = PBXBuildFile; fileRef = 76AAE669207C02B200CDDF43 /* Message.swift */; };
/* End PBXBuildFile section */

/* Begin PBXFileReference section */
		76AAE651207AEB7400CDDF43 /* Homework3_AGL.app */ = {isa = PBXFileReference; explicitFileType = wrapper.application; includeInIndex = 0; path = Homework3_AGL.app; sourceTree = BUILT_PRODUCTS_DIR; };
		76AAE654207AEB7400CDDF43 /* AppDelegate.swift */ = {isa = PBXFileReference; lastKnownFileType = sourcecode.swift; path = AppDelegate.swift; sourceTree = "<group>"; };
		76AAE656207AEB7400CDDF43 /* ViewController.swift */ = {isa = PBXFileReference; lastKnownFileType = sourcecode.swift; path = ViewController.swift; sourceTree = "<group>"; };
		76AAE659207AEB7400CDDF43 /* Base */ = {isa = PBXFileReference; lastKnownFileType = file.storyboard; name = Base; path = Base.lproj/Main.storyboard; sourceTree = "<group>"; };
		76AAE65B207AEB7400CDDF43 /* Assets.xcassets */ = {isa = PBXFileReference; lastKnownFileType = folder.assetcatalog; path = Assets.xcassets; sourceTree = "<group>"; };
		76AAE65E207AEB7400CDDF43 /* Base */ = {isa = PBXFileReference; lastKnownFileType = file.storyboard; name = Base; path = Base.lproj/LaunchScreen.storyboard; sourceTree = "<group>"; };
		76AAE660207AEB7400CDDF43 /* Info.plist */ = {isa = PBXFileReference; lastKnownFileType = text.plist.xml; path = Info.plist; sourceTree = "<group>"; };
		76AAE669207C02B200CDDF43 /* Message.swift */ = {isa = PBXFileReference; lastKnownFileType = sourcecode.swift; path = Message.swift; sourceTree = "<group>"; };
/* End PBXFileReference section */

/* Begin PBXFrameworksBuildPhase section */
		76AAE64E207AEB7400CDDF43 /* Frameworks */ = {
			isa = PBXFrameworksBuildPhase;
			buildActionMask = 2147483647;
			files = (
			);
			runOnlyForDeploymentPostprocessing = 0;
		};
/* End PBXFrameworksBuildPhase section */

/* Begin PBXGroup section */
		76AAE648207AEB7400CDDF43 = {
			isa = PBXGroup;
			children = (
				76AAE653207AEB7400CDDF43 /* Homework3_AGL */,
				76AAE652207AEB7400CDDF43 /* Products */,
			);
			sourceTree = "<group>";
		};
		76AAE652207AEB7400CDDF43 /* Products */ = {
			isa = PBXGroup;
			children = (
				76AAE651207AEB7400CDDF43 /* Homework3_AGL.app */,
			);
			name = Products;
			sourceTree = "<group>";
		};
		76AAE653207AEB7400CDDF43 /* Homework3_AGL */ = {
			isa = PBXGroup;
			children = (
				76AAE668207C029400CDDF43 /* Models */,
				76AAE654207AEB7400CDDF43 /* AppDelegate.swift */,
				76AAE65B207AEB7400CDDF43 /* Assets.xcassets */,
				76AAE666207BFCD200CDDF43 /* Controllers */,
				76AAE660207AEB7400CDDF43 /* Info.plist */,
				76AAE667207BFF9800CDDF43 /* StoryBoards */,
			);
			path = Homework3_AGL;
			sourceTree = "<group>";
		};
		76AAE666207BFCD200CDDF43 /* Controllers */ = {
			isa = PBXGroup;
			children = (
				76AAE656207AEB7400CDDF43 /* ViewController.swift */,
			);
			path = Controllers;
			sourceTree = "<group>";
		};
		76AAE667207BFF9800CDDF43 /* StoryBoards */ = {
			isa = PBXGroup;
			children = (
				76AAE658207AEB7400CDDF43 /* Main.storyboard */,
				76AAE65D207AEB7400CDDF43 /* LaunchScreen.storyboard */,
			);
			path = StoryBoards;
			sourceTree = "<group>";
		};
		76AAE668207C029400CDDF43 /* Models */ = {
			isa = PBXGroup;
			children = (
				76AAE669207C02B200CDDF43 /* Message.swift */,
			);
			path = Models;
			sourceTree = "<group>";
		};
/* End PBXGroup section */

/* Begin PBXNativeTarget section */
		76AAE650207AEB7400CDDF43 /* Homework3_AGL */ = {
			isa = PBXNativeTarget;
			buildConfigurationList = 76AAE663207AEB7400CDDF43 /* Build configuration list for PBXNativeTarget "Homework3_AGL" */;
			buildPhases = (
				76AAE64D207AEB7400CDDF43 /* Sources */,
				76AAE64E207AEB7400CDDF43 /* Frameworks */,
				76AAE64F207AEB7400CDDF43 /* Resources */,
			);
			buildRules = (
			);
			dependencies = (
			);
			name = Homework3_AGL;
			productName = Homework3_AGL;
			productReference = 76AAE651207AEB7400CDDF43 /* Homework3_AGL.app */;
			productType = "com.apple.product-type.application";
		};
/* End PBXNativeTarget section */

/* Begin PBXProject section */
		76AAE649207AEB7400CDDF43 /* Project object */ = {
			isa = PBXProject;
			attributes = {
				LastSwiftUpdateCheck = 0920;
				LastUpgradeCheck = 0920;
				ORGANIZATIONNAME = alexgsolutions;
				TargetAttributes = {
					76AAE650207AEB7400CDDF43 = {
						CreatedOnToolsVersion = 9.2;
						ProvisioningStyle = Automatic;
					};
				};
			};
			buildConfigurationList = 76AAE64C207AEB7400CDDF43 /* Build configuration list for PBXProject "Homework3_AGL" */;
			compatibilityVersion = "Xcode 8.0";
			developmentRegion = en;
			hasScannedForEncodings = 0;
			knownRegions = (
				en,
				Base,
			);
			mainGroup = 76AAE648207AEB7400CDDF43;
			productRefGroup = 76AAE652207AEB7400CDDF43 /* Products */;
			projectDirPath = "";
			projectRoot = "";
			targets = (
				76AAE650207AEB7400CDDF43 /* Homework3_AGL */,
			);
		};
/* End PBXProject section */

/* Begin PBXResourcesBuildPhase section */
		76AAE64F207AEB7400CDDF43 /* Resources */ = {
			isa = PBXResourcesBuildPhase;
			buildActionMask = 2147483647;
			files = (
				76AAE65F207AEB7400CDDF43 /* LaunchScreen.storyboard in Resources */,
				76AAE65C207AEB7400CDDF43 /* Assets.xcassets in Resources */,
				76AAE65A207AEB7400CDDF43 /* Main.storyboard in Resources */,
			);
			runOnlyForDeploymentPostprocessing = 0;
		};
/* End PBXResourcesBuildPhase section */

/* Begin PBXSourcesBuildPhase section */
		76AAE64D207AEB7400CDDF43 /* Sources */ = {
			isa = PBXSourcesBuildPhase;
			buildActionMask = 2147483647;
			files = (
				76AAE66A207C02B200CDDF43 /* Message.swift in Sources */,
				76AAE657207AEB7400CDDF43 /* ViewController.swift in Sources */,
				76AAE655207AEB7400CDDF43 /* AppDelegate.swift in Sources */,
			);
			runOnlyForDeploymentPostprocessing = 0;
		};
/* End PBXSourcesBuildPhase section */

/* Begin PBXVariantGroup section */
		76AAE658207AEB7400CDDF43 /* Main.storyboard */ = {
			isa = PBXVariantGroup;
			children = (
				76AAE659207AEB7400CDDF43 /* Base */,
			);
			name = Main.storyboard;
			sourceTree = "<group>";
		};
		76AAE65D207AEB7400CDDF43 /* LaunchScreen.storyboard */ = {
			isa = PBXVariantGroup;
			children = (
				76AAE65E207AEB7400CDDF43 /* Base */,
			);
			name = LaunchScreen.storyboard;
			sourceTree = "<group>";
		};
/* End PBXVariantGroup section */

/* Begin XCBuildConfiguration section */
		76AAE661207AEB7400CDDF43 /* Debug */ = {
			isa = XCBuildConfiguration;
			buildSettings = {
				ALWAYS_SEARCH_USER_PATHS = NO;
				CLANG_ANALYZER_NONNULL = YES;
				CLANG_ANALYZER_NUMBER_OBJECT_CONVERSION = YES_AGGRESSIVE;
				CLANG_CXX_LANGUAGE_STANDARD = "gnu++14";
				CLANG_CXX_LIBRARY = "libc++";
				CLANG_ENABLE_MODULES = YES;
				CLANG_ENABLE_OBJC_ARC = YES;
				CLANG_WARN_BLOCK_CAPTURE_AUTORELEASING = YES;
				CLANG_WARN_BOOL_CONVERSION = YES;
				CLANG_WARN_COMMA = YES;
				CLANG_WARN_CONSTANT_CONVERSION = YES;
				CLANG_WARN_DIRECT_OBJC_ISA_USAGE = YES_ERROR;
				CLANG_WARN_DOCUMENTATION_COMMENTS = YES;
				CLANG_WARN_EMPTY_BODY = YES;
				CLANG_WARN_ENUM_CONVERSION = YES;
				CLANG_WARN_INFINITE_RECURSION = YES;
				CLANG_WARN_INT_CONVERSION = YES;
				CLANG_WARN_NON_LITERAL_NULL_CONVERSION = YES;
				CLANG_WARN_OBJC_LITERAL_CONVERSION = YES;
				CLANG_WARN_OBJC_ROOT_CLASS = YES_ERROR;
				CLANG_WARN_RANGE_LOOP_ANALYSIS = YES;
				CLANG_WARN_STRICT_PROTOTYPES = YES;
				CLANG_WARN_SUSPICIOUS_MOVE = YES;
				CLANG_WARN_UNGUARDED_AVAILABILITY = YES_AGGRESSIVE;
				CLANG_WARN_UNREACHABLE_CODE = YES;
				CLANG_WARN__DUPLICATE_METHOD_MATCH = YES;
				CODE_SIGN_IDENTITY = "iPhone Developer";
				COPY_PHASE_STRIP = NO;
				DEBUG_INFORMATION_FORMAT = dwarf;
				ENABLE_STRICT_OBJC_MSGSEND = YES;
				ENABLE_TESTABILITY = YES;
				GCC_C_LANGUAGE_STANDARD = gnu11;
				GCC_DYNAMIC_NO_PIC = NO;
				GCC_NO_COMMON_BLOCKS = YES;
				GCC_OPTIMIZATION_LEVEL = 0;
				GCC_PREPROCESSOR_DEFINITIONS = (
					"DEBUG=1",
					"$(inherited)",
				);
				GCC_WARN_64_TO_32_BIT_CONVERSION = YES;
				GCC_WARN_ABOUT_RETURN_TYPE = YES_ERROR;
				GCC_WARN_UNDECLARED_SELECTOR = YES;
				GCC_WARN_UNINITIALIZED_AUTOS = YES_AGGRESSIVE;
				GCC_WARN_UNUSED_FUNCTION = YES;
				GCC_WARN_UNUSED_VARIABLE = YES;
				IPHONEOS_DEPLOYMENT_TARGET = 11.2;
				MTL_ENABLE_DEBUG_INFO = YES;
				ONLY_ACTIVE_ARCH = YES;
				SDKROOT = iphoneos;
				SWIFT_ACTIVE_COMPILATION_CONDITIONS = DEBUG;
				SWIFT_OPTIMIZATION_LEVEL = "-Onone";
			};
			name = Debug;
		};
		76AAE662207AEB7400CDDF43 /* Release */ = {
			isa = XCBuildConfiguration;
			buildSettings = {
				ALWAYS_SEARCH_USER_PATHS = NO;
				CLANG_ANALYZER_NONNULL = YES;
				CLANG_ANALYZER_NUMBER_OBJECT_CONVERSION = YES_AGGRESSIVE;
				CLANG_CXX_LANGUAGE_STANDARD = "gnu++14";
				CLANG_CXX_LIBRARY = "libc++";
				CLANG_ENABLE_MODULES = YES;
				CLANG_ENABLE_OBJC_ARC = YES;
				CLANG_WARN_BLOCK_CAPTURE_AUTORELEASING = YES;
				CLANG_WARN_BOOL_CONVERSION = YES;
				CLANG_WARN_COMMA = YES;
				CLANG_WARN_CONSTANT_CONVERSION = YES;
				CLANG_WARN_DIRECT_OBJC_ISA_USAGE = YES_ERROR;
				CLANG_WARN_DOCUMENTATION_COMMENTS = YES;
				CLANG_WARN_EMPTY_BODY = YES;
				CLANG_WARN_ENUM_CONVERSION = YES;
				CLANG_WARN_INFINITE_RECURSION = YES;
				CLANG_WARN_INT_CONVERSION = YES;
				CLANG_WARN_NON_LITERAL_NULL_CONVERSION = YES;
				CLANG_WARN_OBJC_LITERAL_CONVERSION = YES;
				CLANG_WARN_OBJC_ROOT_CLASS = YES_ERROR;
				CLANG_WARN_RANGE_LOOP_ANALYSIS = YES;
				CLANG_WARN_STRICT_PROTOTYPES = YES;
				CLANG_WARN_SUSPICIOUS_MOVE = YES;
				CLANG_WARN_UNGUARDED_AVAILABILITY = YES_AGGRESSIVE;
				CLANG_WARN_UNREACHABLE_CODE = YES;
				CLANG_WARN__DUPLICATE_METHOD_MATCH = YES;
				CODE_SIGN_IDENTITY = "iPhone Developer";
				COPY_PHASE_STRIP = NO;
				DEBUG_INFORMATION_FORMAT = "dwarf-with-dsym";
				ENABLE_NS_ASSERTIONS = NO;
				ENABLE_STRICT_OBJC_MSGSEND = YES;
				GCC_C_LANGUAGE_STANDARD = gnu11;
				GCC_NO_COMMON_BLOCKS = YES;
				GCC_WARN_64_TO_32_BIT_CONVERSION = YES;
				GCC_WARN_ABOUT_RETURN_TYPE = YES_ERROR;
				GCC_WARN_UNDECLARED_SELECTOR = YES;
				GCC_WARN_UNINITIALIZED_AUTOS = YES_AGGRESSIVE;
				GCC_WARN_UNUSED_FUNCTION = YES;
				GCC_WARN_UNUSED_VARIABLE = YES;
				IPHONEOS_DEPLOYMENT_TARGET = 11.2;
				MTL_ENABLE_DEBUG_INFO = NO;
				SDKROOT = iphoneos;
				SWIFT_OPTIMIZATION_LEVEL = "-Owholemodule";
				VALIDATE_PRODUCT = YES;
			};
			name = Release;
		};
		76AAE664207AEB7400CDDF43 /* Debug */ = {
			isa = XCBuildConfiguration;
			buildSettings = {
				ASSETCATALOG_COMPILER_APPICON_NAME = AppIcon;
				CODE_SIGN_STYLE = Automatic;
				DEVELOPMENT_TEAM = 6SD65LWY6U;
				INFOPLIST_FILE = Homework3_AGL/Info.plist;
				LD_RUNPATH_SEARCH_PATHS = "$(inherited) @executable_path/Frameworks";
				PRODUCT_BUNDLE_IDENTIFIER = "com.alexgsolutions.Homework3-AGL";
				PRODUCT_NAME = "$(TARGET_NAME)";
				SWIFT_VERSION = 4.0;
				TARGETED_DEVICE_FAMILY = "1,2";
			};
			name = Debug;
		};
		76AAE665207AEB7400CDDF43 /* Release */ = {
			isa = XCBuildConfiguration;
			buildSettings = {
				ASSETCATALOG_COMPILER_APPICON_NAME = AppIcon;
				CODE_SIGN_STYLE = Automatic;
				DEVELOPMENT_TEAM = 6SD65LWY6U;
				INFOPLIST_FILE = Homework3_AGL/Info.plist;
				LD_RUNPATH_SEARCH_PATHS = "$(inherited) @executable_path/Frameworks";
				PRODUCT_BUNDLE_IDENTIFIER = "com.alexgsolutions.Homework3-AGL";
				PRODUCT_NAME = "$(TARGET_NAME)";
				SWIFT_VERSION = 4.0;
				TARGETED_DEVICE_FAMILY = "1,2";
			};
			name = Release;
		};
/* End XCBuildConfiguration section */

/* Begin XCConfigurationList section */
		76AAE64C207AEB7400CDDF43 /* Build configuration list for PBXProject "Homework3_AGL" */ = {
			isa = XCConfigurationList;
			buildConfigurations = (
				76AAE661207AEB7400CDDF43 /* Debug */,
				76AAE662207AEB7400CDDF43 /* Release */,
			);
			defaultConfigurationIsVisible = 0;
			defaultConfigurationName = Release;
		};
		76AAE663207AEB7400CDDF43 /* Build configuration list for PBXNativeTarget "Homework3_AGL" */ = {
			isa = XCConfigurationList;
			buildConfigurations = (
				76AAE664207AEB7400CDDF43 /* Debug */,
				76AAE665207AEB7400CDDF43 /* Release */,
			);
			defaultConfigurationIsVisible = 0;
			defaultConfigurationName = Release;
		};
/* End XCConfigurationList section */
	};
	rootObject = 76AAE649207AEB7400CDDF43 /* Project object */;
}
